# THIS IS AN AUTOGENERATED FILE. DO NOT EDIT THIS FILE DIRECTLY.
# yarn lockfile v1


"@babel/code-frame@^7.5.5":
  version "7.8.3"
  resolved "https://registry.yarnpkg.com/@babel/code-frame/-/code-frame-7.8.3.tgz#33e25903d7481181534e12ec0a25f16b6fcf419e"
  integrity sha512-a9gxpmdXtZEInkCSHUJDLHZVBgb1QS0jhss4cPP93EW7s+uC5bikET2twEF3KV+7rDblJcmNvTR7VJejqd2C2g==
  dependencies:
    "@babel/highlight" "^7.8.3"

"@babel/helper-validator-identifier@^7.9.0":
  version "7.9.5"
  resolved "https://registry.yarnpkg.com/@babel/helper-validator-identifier/-/helper-validator-identifier-7.9.5.tgz#90977a8e6fbf6b431a7dc31752eee233bf052d80"
  integrity sha512-/8arLKUFq882w4tWGj9JYzRpAlZgiWUJ+dtteNTDqrRBz9Iguck9Rn3ykuBDoUwh2TO4tSAJlrxDUOXWklJe4g==

"@babel/highlight@^7.8.3":
  version "7.9.0"
  resolved "https://registry.yarnpkg.com/@babel/highlight/-/highlight-7.9.0.tgz#4e9b45ccb82b79607271b2979ad82c7b68163079"
  integrity sha512-lJZPilxX7Op3Nv/2cvFdnlepPXDxi29wxteT57Q965oc5R9v86ztx0jfxVrTcBk8C2kcPkkDa2Z4T3ZsPPVWsQ==
  dependencies:
    "@babel/helper-validator-identifier" "^7.9.0"
    chalk "^2.0.0"
    js-tokens "^4.0.0"

"@material/animation@6.0.0-canary.35a32aaea.0":
  version "6.0.0-canary.35a32aaea.0"
  resolved "https://registry.yarnpkg.com/@material/animation/-/animation-6.0.0-canary.35a32aaea.0.tgz#a709f7de7f4255fdd97ef69a0fa35b6214152b6c"
  integrity sha512-UNdA/ndQYssWv6jOqAHXL4QaeI3OfC3j/bGikFsJ17nrSoo10G3d8wQSebw+ZS2wqsXp6jOu0iMDId6acZoO5w==
  dependencies:
    tslib "^1.9.3"

"@material/base@6.0.0-canary.35a32aaea.0", "@material/base@=6.0.0-canary.35a32aaea.0":
  version "6.0.0-canary.35a32aaea.0"
  resolved "https://registry.yarnpkg.com/@material/base/-/base-6.0.0-canary.35a32aaea.0.tgz#d80d83d881c3d0eb9ab7fdb4d782cfe4f8b1bdd8"
  integrity sha512-QE3rF3KP9HJet8Jpok9eFWK1F2n3JJKhP0qyjR+n1llgcoBtEIGShA8+wkixeCUS8rVgpWRNyppuqg8lft/WeQ==
  dependencies:
    tslib "^1.9.3"

"@material/button@6.0.0-canary.35a32aaea.0", "@material/button@=6.0.0-canary.35a32aaea.0":
  version "6.0.0-canary.35a32aaea.0"
  resolved "https://registry.yarnpkg.com/@material/button/-/button-6.0.0-canary.35a32aaea.0.tgz#bc47f32f98516353400eca03108a9d1a812d5e90"
  integrity sha512-iPQlUT+ku4q2KWeMp+IQEp+ejVQY1dKubblLwi6yfOdhlTkPvnf983LD+Iols3OeFELzEYsPOiV8/Iv9O09ZaA==
  dependencies:
    "@material/density" "6.0.0-canary.35a32aaea.0"
    "@material/elevation" "6.0.0-canary.35a32aaea.0"
    "@material/feature-targeting" "6.0.0-canary.35a32aaea.0"
    "@material/ripple" "6.0.0-canary.35a32aaea.0"
    "@material/rtl" "6.0.0-canary.35a32aaea.0"
    "@material/shape" "6.0.0-canary.35a32aaea.0"
    "@material/theme" "6.0.0-canary.35a32aaea.0"
    "@material/touch-target" "6.0.0-canary.35a32aaea.0"
    "@material/typography" "6.0.0-canary.35a32aaea.0"

"@material/checkbox@=6.0.0-canary.35a32aaea.0":
  version "6.0.0-canary.35a32aaea.0"
  resolved "https://registry.yarnpkg.com/@material/checkbox/-/checkbox-6.0.0-canary.35a32aaea.0.tgz#a18fd6ace565ab78464434b22516fd5564b0a82e"
  integrity sha512-gIM33lQFcw2gzy4C4mJIQUauc+ss9fP5deBLU4CF+LfjIiqFAKdCxlTU3RFL6VC/j61jaoscE9V3/dWvrYRpqA==
  dependencies:
    "@material/animation" "6.0.0-canary.35a32aaea.0"
    "@material/base" "6.0.0-canary.35a32aaea.0"
    "@material/density" "6.0.0-canary.35a32aaea.0"
    "@material/dom" "6.0.0-canary.35a32aaea.0"
    "@material/feature-targeting" "6.0.0-canary.35a32aaea.0"
    "@material/ripple" "6.0.0-canary.35a32aaea.0"
    "@material/theme" "6.0.0-canary.35a32aaea.0"
    "@material/touch-target" "6.0.0-canary.35a32aaea.0"
    tslib "^1.9.3"

"@material/density@6.0.0-canary.35a32aaea.0":
  version "6.0.0-canary.35a32aaea.0"
  resolved "https://registry.yarnpkg.com/@material/density/-/density-6.0.0-canary.35a32aaea.0.tgz#f7a09c73d2ce000728ea3bc0d819060caac622d4"
  integrity sha512-r5g1abpF1qOWhSawbv6K7PfqYsGkb4zH+EEB4Cu4B8ztwCJermz1mgMF5GftvSHBovv5zLnHLu7/kVrE/VbL7g==

"@material/dialog@=6.0.0-canary.35a32aaea.0":
  version "6.0.0-canary.35a32aaea.0"
  resolved "https://registry.yarnpkg.com/@material/dialog/-/dialog-6.0.0-canary.35a32aaea.0.tgz#44be6c27d6fb9b28d051c36a2807673a2ea447a9"
  integrity sha512-td3y9Gbt2+YCSqqef16jK54Fc9YUvs5ss6/nXQpAFmkTGbKDXWRwALEmTio2I1aXgfmIoVz/RqhzBylrLuwa8A==
  dependencies:
    "@material/animation" "6.0.0-canary.35a32aaea.0"
    "@material/base" "6.0.0-canary.35a32aaea.0"
    "@material/button" "6.0.0-canary.35a32aaea.0"
    "@material/dom" "6.0.0-canary.35a32aaea.0"
    "@material/elevation" "6.0.0-canary.35a32aaea.0"
    "@material/feature-targeting" "6.0.0-canary.35a32aaea.0"
    "@material/ripple" "6.0.0-canary.35a32aaea.0"
    "@material/rtl" "6.0.0-canary.35a32aaea.0"
    "@material/shape" "6.0.0-canary.35a32aaea.0"
    "@material/theme" "6.0.0-canary.35a32aaea.0"
    "@material/touch-target" "6.0.0-canary.35a32aaea.0"
    "@material/typography" "6.0.0-canary.35a32aaea.0"
    tslib "^1.9.3"

"@material/dom@6.0.0-canary.35a32aaea.0", "@material/dom@=6.0.0-canary.35a32aaea.0":
  version "6.0.0-canary.35a32aaea.0"
  resolved "https://registry.yarnpkg.com/@material/dom/-/dom-6.0.0-canary.35a32aaea.0.tgz#f22a36c62a960aed5289319d37b91d27db1e29c2"
  integrity sha512-QoOQhYwZZ0F+tE7Mci92p8zY4iDsDZxIHZgO191o0zEdGROM6vTB3VupUwBn+5IdSKzblvxNsO6BblfMNmYpsw==
  dependencies:
    tslib "^1.9.3"

"@material/elevation@6.0.0-canary.35a32aaea.0":
  version "6.0.0-canary.35a32aaea.0"
  resolved "https://registry.yarnpkg.com/@material/elevation/-/elevation-6.0.0-canary.35a32aaea.0.tgz#76313193e16de5ac0730d847b5870ed5bc0fd72c"
  integrity sha512-kyzt3apFhgnf204Fr8BoRadEeTw3YXtUbTpUDGN13B3xeaNaB39DfrxK9QKbXnkTY54r9jcHTd/h9SsGM814uw==
  dependencies:
    "@material/animation" "6.0.0-canary.35a32aaea.0"
    "@material/base" "6.0.0-canary.35a32aaea.0"
    "@material/feature-targeting" "6.0.0-canary.35a32aaea.0"
    "@material/theme" "6.0.0-canary.35a32aaea.0"

"@material/feature-targeting@6.0.0-canary.35a32aaea.0":
  version "6.0.0-canary.35a32aaea.0"
  resolved "https://registry.yarnpkg.com/@material/feature-targeting/-/feature-targeting-6.0.0-canary.35a32aaea.0.tgz#befa2d78705a08b92bc85695128e81fb3504bbbb"
  integrity sha512-qJbELPsZZ7D+SlRpz7LCpc3SKzsbE8a11PB8/RlpKqTk2h5+n+efy2J7Et2V2hJxwtR91D4JSN31tmNtxchMGA==

"@material/floating-label@6.0.0-canary.35a32aaea.0", "@material/floating-label@=6.0.0-canary.35a32aaea.0":
  version "6.0.0-canary.35a32aaea.0"
  resolved "https://registry.yarnpkg.com/@material/floating-label/-/floating-label-6.0.0-canary.35a32aaea.0.tgz#9398dfc009576fd40bbf5bd4c7d636eaa4b197f6"
  integrity sha512-Wh71MuHAmVnTS6g91IVwINbYIW/ZH3o43JA29aVbZ/8GizLyXiK3DWbTWENSWcf2aUUe8i2l38lbBimT+X21/w==
  dependencies:
    "@material/animation" "6.0.0-canary.35a32aaea.0"
    "@material/base" "6.0.0-canary.35a32aaea.0"
    "@material/dom" "6.0.0-canary.35a32aaea.0"
    "@material/feature-targeting" "6.0.0-canary.35a32aaea.0"
    "@material/rtl" "6.0.0-canary.35a32aaea.0"
    "@material/theme" "6.0.0-canary.35a32aaea.0"
    "@material/typography" "6.0.0-canary.35a32aaea.0"
    tslib "^1.9.3"

"@material/form-field@=6.0.0-canary.35a32aaea.0":
  version "6.0.0-canary.35a32aaea.0"
  resolved "https://registry.yarnpkg.com/@material/form-field/-/form-field-6.0.0-canary.35a32aaea.0.tgz#03374522d3ba7d8956461ded1d3e7666b2fcc23c"
  integrity sha512-+LkE4JTKvSG1YfA6HRCBloD/Ai41d3Uw7qfWtAnoisduCRslPDkP2RXaNQ+ll3sHGOOE/cAUqTYZdAoFnN9lZA==
  dependencies:
    "@material/base" "6.0.0-canary.35a32aaea.0"
    "@material/feature-targeting" "6.0.0-canary.35a32aaea.0"
    "@material/ripple" "6.0.0-canary.35a32aaea.0"
    "@material/rtl" "6.0.0-canary.35a32aaea.0"
    "@material/theme" "6.0.0-canary.35a32aaea.0"
    "@material/typography" "6.0.0-canary.35a32aaea.0"
    tslib "^1.9.3"

"@material/icon-button@6.0.0-canary.35a32aaea.0", "@material/icon-button@=6.0.0-canary.35a32aaea.0":
  version "6.0.0-canary.35a32aaea.0"
  resolved "https://registry.yarnpkg.com/@material/icon-button/-/icon-button-6.0.0-canary.35a32aaea.0.tgz#9ab7ce21ea5a042ce9a5a8446e59b6cf94776ba1"
  integrity sha512-zBTSVKErBgpQA9/3fZ7rLPj6IQtfJpt4pj6PJl+65goOpEWzmk3r6mM5BQVGfZ61j8l65gAH56tAV+X7WlQgCQ==
  dependencies:
    "@material/base" "6.0.0-canary.35a32aaea.0"
    "@material/density" "6.0.0-canary.35a32aaea.0"
    "@material/feature-targeting" "6.0.0-canary.35a32aaea.0"
    "@material/ripple" "6.0.0-canary.35a32aaea.0"
    "@material/theme" "6.0.0-canary.35a32aaea.0"
    tslib "^1.9.3"

"@material/line-ripple@6.0.0-canary.35a32aaea.0", "@material/line-ripple@=6.0.0-canary.35a32aaea.0":
  version "6.0.0-canary.35a32aaea.0"
  resolved "https://registry.yarnpkg.com/@material/line-ripple/-/line-ripple-6.0.0-canary.35a32aaea.0.tgz#4f88a9b50850ac2695aa8b15d5c44232bb3e9c71"
  integrity sha512-uswpaOoLWkzWyYZ8ebzpkU3+C0OHmRzGTds5f90+nNHXNbpb/i/gwlGUpWJW/k/O7dQOBAaz1lWGUp9yIaXD2g==
  dependencies:
    "@material/animation" "6.0.0-canary.35a32aaea.0"
    "@material/base" "6.0.0-canary.35a32aaea.0"
    "@material/feature-targeting" "6.0.0-canary.35a32aaea.0"
    "@material/theme" "6.0.0-canary.35a32aaea.0"
    tslib "^1.9.3"

"@material/linear-progress@=6.0.0-canary.35a32aaea.0":
  version "6.0.0-canary.35a32aaea.0"
  resolved "https://registry.yarnpkg.com/@material/linear-progress/-/linear-progress-6.0.0-canary.35a32aaea.0.tgz#6b933c75f38700230c4c8382fceebe7a6e7d878a"
  integrity sha512-UIWwsD0arEfzdUqfSJ5nVTYl9Hr0EgRyYZHA+MslTfQyzO6B3Q8sf68opdMoX4k5tNDuqKkMZPAsZhPrlLYdzQ==
  dependencies:
    "@material/animation" "6.0.0-canary.35a32aaea.0"
    "@material/base" "6.0.0-canary.35a32aaea.0"
    "@material/feature-targeting" "6.0.0-canary.35a32aaea.0"
    "@material/progress-indicator" "6.0.0-canary.35a32aaea.0"
    "@material/theme" "6.0.0-canary.35a32aaea.0"
    tslib "^1.9.3"

"@material/mwc-base@^0.14.1":
  version "0.14.1"
  resolved "https://registry.yarnpkg.com/@material/mwc-base/-/mwc-base-0.14.1.tgz#7e1923919b5b672902af2e562426abff3fb73f1a"
  integrity sha512-9EHP5Q2tQntiu6K92mn5G5gakmcuituHmz0NPvzAW34RnrMV81UevwfLLZwUiy51pm52hd5/viLXVt/WlL6bDg==
  dependencies:
    "@material/base" "=6.0.0-canary.35a32aaea.0"
    "@material/dom" "=6.0.0-canary.35a32aaea.0"
    "@material/ripple" "=6.0.0-canary.35a32aaea.0"
    lit-element "^2.3.0"
    tslib "^1.10.0"

"@material/mwc-button@^0.14.1":
  version "0.14.1"
  resolved "https://registry.yarnpkg.com/@material/mwc-button/-/mwc-button-0.14.1.tgz#9823c874f4a10fbe551bf148ea0270f443a6385c"
  integrity sha512-yXJDWsg1fdVp0afbLvtf7VbeWNhePlzK5oYZIaFzP7dmCWW8GvLK+04h/7mYMMSZeRTCcNJuRlM3Yi0S8P2YEQ==
  dependencies:
    "@material/button" "=6.0.0-canary.35a32aaea.0"
    "@material/mwc-base" "^0.14.1"
    "@material/mwc-icon" "^0.14.1"
    "@material/mwc-ripple" "^0.14.1"
    lit-element "^2.3.0"
    lit-html "^1.1.2"
    tslib "^1.10.0"

"@material/mwc-checkbox@^0.14.1":
  version "0.14.1"
  resolved "https://registry.yarnpkg.com/@material/mwc-checkbox/-/mwc-checkbox-0.14.1.tgz#7d5527711a88e02163f82b56043c21e85a249856"
  integrity sha512-US1C+Z2XfNW2K7s7Wzj7gSI1M/Ah//FeR1D6SY/6K8PIu/gtrgx6iFxcByVq7aws18ghYX6jwkDfMVZFI/uAVQ==
  dependencies:
    "@material/checkbox" "=6.0.0-canary.35a32aaea.0"
    "@material/mwc-base" "^0.14.1"
    "@material/mwc-ripple" "^0.14.1"
    lit-element "^2.3.0"
    tslib "^1.10.0"

"@material/mwc-dialog@^0.14.1":
  version "0.14.1"
  resolved "https://registry.yarnpkg.com/@material/mwc-dialog/-/mwc-dialog-0.14.1.tgz#5f9baf3cebf84473f698613ab47dbe3355f37702"
  integrity sha512-mIWaBAdHBwa9Fg0R1syfFRNheXcAzu6//ucXjO0RdJaWV44PxFK7BecfX910H479jfIoutbjhzIZ5ph8Ji53cg==
  dependencies:
    "@material/dialog" "=6.0.0-canary.35a32aaea.0"
    "@material/dom" "=6.0.0-canary.35a32aaea.0"
    "@material/mwc-base" "^0.14.1"
    "@material/touch-target" "=6.0.0-canary.35a32aaea.0"
    blocking-elements "^0.1.0"
    lit-element "^2.3.0"
    lit-html "^1.1.2"
    tslib "^1.10.0"
    wicg-inert "^3.0.0"

"@material/mwc-floating-label@^0.14.1":
  version "0.14.1"
  resolved "https://registry.yarnpkg.com/@material/mwc-floating-label/-/mwc-floating-label-0.14.1.tgz#5e1ee9ae9830fa6cd77f716ed00929c9fa7ef3d8"
  integrity sha512-8oDN7oTo0BFPhpUiLH2D/022KUpv5JvHb8boRvcwSxHPsGPIiryqpKqk9yN2os2JR3e1LU4SlMyMUPW16yGoBg==
  dependencies:
    "@material/floating-label" "=6.0.0-canary.35a32aaea.0"
    lit-element "^2.3.0"
    lit-html "^1.1.2"
    tslib "^1.10.0"

"@material/mwc-formfield@^0.14.1":
  version "0.14.1"
  resolved "https://registry.yarnpkg.com/@material/mwc-formfield/-/mwc-formfield-0.14.1.tgz#30aae7b12088bae93008c6c159dec1d00957222b"
  integrity sha512-hRDFXUqB16vojdxGntzbaaVUqfODWXMg6D40Fjj0/ok2rC31POO/uoRhVHvwUZOHyjcY7yvFmXFQOXe5gUyNtg==
  dependencies:
    "@material/form-field" "=6.0.0-canary.35a32aaea.0"
    "@material/mwc-base" "^0.14.1"
    lit-element "^2.3.0"
    lit-html "^1.1.2"
    tslib "^1.10.0"

"@material/mwc-icon-button@^0.14.1":
  version "0.14.1"
  resolved "https://registry.yarnpkg.com/@material/mwc-icon-button/-/mwc-icon-button-0.14.1.tgz#053fb8462c7656d0f601779c8f97c9e72bedcc8b"
  integrity sha512-5NRFf8+2fN5DX5GVc6jPEGaS74eYMGOG25XxL9Ma4IFfcX04d+fsEE0ujFkpfmQ2HMU50AMTKhQAUydAhSQxfg==
  dependencies:
    "@material/icon-button" "=6.0.0-canary.35a32aaea.0"
    "@material/mwc-base" "^0.14.1"
    "@material/mwc-icon" "^0.14.1"
    "@material/mwc-ripple" "^0.14.1"
    lit-element "^2.3.0"
    tslib "^1.10.0"

"@material/mwc-icon@^0.14.1":
  version "0.14.1"
  resolved "https://registry.yarnpkg.com/@material/mwc-icon/-/mwc-icon-0.14.1.tgz#7ca8dbf7a60b559ddf6f72056078c612fe34e3da"
  integrity sha512-vjhmww/v2M4YVuPq5NhzoxyMBuJi1+CEKnfgdptqP2VT3oxjZKggQYqm/TlTTzHcRxOxhqmbcgfji7qosnzgfw==
  dependencies:
    "@material/mwc-base" "^0.14.1"
    lit-element "^2.3.0"
    tslib "^1.10.0"

"@material/mwc-line-ripple@^0.14.1":
  version "0.14.1"
  resolved "https://registry.yarnpkg.com/@material/mwc-line-ripple/-/mwc-line-ripple-0.14.1.tgz#7f208171e54fc6541e4cf5f7052ae064d3689b9f"
  integrity sha512-1rlrDvoUuI177KUkKDuh+XM/qT+NamELKjq/qOIDJFeRr7wZGNtY8FmcJNIlJTILTGkYVBjdjmjkqqisqEDpKA==
  dependencies:
    "@material/line-ripple" "=6.0.0-canary.35a32aaea.0"
    lit-element "^2.3.0"
    lit-html "^1.1.2"
    tslib "^1.10.0"

"@material/mwc-linear-progress@^0.14.1":
  version "0.14.1"
  resolved "https://registry.yarnpkg.com/@material/mwc-linear-progress/-/mwc-linear-progress-0.14.1.tgz#fc76aa370cc5a7f0b6ce945bf55a9530fe4a74c8"
  integrity sha512-uYN1VMGzgB9u9z3tFZOvg8jOTPzGWNgi1ajkUZRJTsyU0vCBjWMXMwmD7IpxohsHrvmqqYIuZwM4ZLjCNNKSow==
  dependencies:
    "@material/linear-progress" "=6.0.0-canary.35a32aaea.0"
    "@material/mwc-base" "^0.14.1"
    lit-element "^2.3.0"
    tslib "^1.10.0"

"@material/mwc-notched-outline@^0.14.1":
  version "0.14.1"
  resolved "https://registry.yarnpkg.com/@material/mwc-notched-outline/-/mwc-notched-outline-0.14.1.tgz#a5f6812ecbeeb6292f24337b559e0259b6d6fe97"
  integrity sha512-NrYp6Jc1ccWuypDcKeJf5+Sg7sOLaRU9YW9DURbdm1dMlS9PweTuaJPdtH2WusN+KrKbVO9Xrw52Vaun4iwSzA==
  dependencies:
    "@material/mwc-base" "^0.14.1"
    "@material/notched-outline" "=6.0.0-canary.35a32aaea.0"
    "@material/shape" "=6.0.0-canary.35a32aaea.0"
    "@material/theme" "=6.0.0-canary.35a32aaea.0"
    lit-element "^2.3.0"
    tslib "^1.10.0"

"@material/mwc-ripple@^0.14.1":
  version "0.14.1"
  resolved "https://registry.yarnpkg.com/@material/mwc-ripple/-/mwc-ripple-0.14.1.tgz#9550d43dac6455eec4c3cf18494a2448f471a852"
  integrity sha512-UdGdkT4IlkQ7myWSeOj1RqXvneyrkjdBTXW0iswFySRRkbJ9f+g1771acKASdRG0fx7GvrWj6RPcBZzD5S9SmQ==
  dependencies:
    "@material/dom" "=6.0.0-canary.35a32aaea.0"
    "@material/mwc-base" "^0.14.1"
    "@material/ripple" "=6.0.0-canary.35a32aaea.0"
    lit-element "^2.3.0"
    lit-html "^1.1.2"
    tslib "^1.10.0"

"@material/mwc-snackbar@^0.14.1":
  version "0.14.1"
  resolved "https://registry.yarnpkg.com/@material/mwc-snackbar/-/mwc-snackbar-0.14.1.tgz#3c4b6dd5db5562194ca01a08b86433cf46415197"
  integrity sha512-tLwJGawAY6L0P/eI99CQahjSv97i/ZKhGH2pKB5ANQpNquhP6GBFE8Ghigx+DZVJWXazJ3nqzOzhLylGdMnOaw==
  dependencies:
    "@material/mwc-base" "^0.14.1"
    "@material/snackbar" "=6.0.0-canary.35a32aaea.0"
    lit-element "^2.3.0"
    lit-html "^1.1.2"
    tslib "^1.10.0"

"@material/mwc-textfield@^0.14.1":
  version "0.14.1"
  resolved "https://registry.yarnpkg.com/@material/mwc-textfield/-/mwc-textfield-0.14.1.tgz#05214158f780785c88e7d7649ebf99b524eca733"
  integrity sha512-1rZY+L0NSF5gdurqX7UXSpEVrbmfwjfSmi6ckhJZ4A6wpQ1dTfhuin2dUL6iAweX2nLNHXQIChCdjcIeOJMlqA==
  dependencies:
    "@material/floating-label" "=6.0.0-canary.35a32aaea.0"
    "@material/line-ripple" "=6.0.0-canary.35a32aaea.0"
    "@material/mwc-base" "^0.14.1"
    "@material/mwc-floating-label" "^0.14.1"
    "@material/mwc-icon" "^0.14.1"
    "@material/mwc-line-ripple" "^0.14.1"
    "@material/mwc-notched-outline" "^0.14.1"
    "@material/shape" "=6.0.0-canary.35a32aaea.0"
    "@material/textfield" "=6.0.0-canary.35a32aaea.0"
    "@material/theme" "=6.0.0-canary.35a32aaea.0"
    lit-element "^2.3.0"
    lit-html "^1.1.2"
    tslib "^1.10.0"

"@material/notched-outline@6.0.0-canary.35a32aaea.0", "@material/notched-outline@=6.0.0-canary.35a32aaea.0":
  version "6.0.0-canary.35a32aaea.0"
  resolved "https://registry.yarnpkg.com/@material/notched-outline/-/notched-outline-6.0.0-canary.35a32aaea.0.tgz#a5bc9c3fb9c81f5cf0622867232ce65b9eee22aa"
  integrity sha512-9xdyxREoaVywB1WqKx3vTmUBWgb3xQviOPmuYBXYDb9kPMuiX0IdpOYAMxaSaHWR/qtOmPR8CwWPZXuhqAgyMg==
  dependencies:
    "@material/base" "6.0.0-canary.35a32aaea.0"
    "@material/feature-targeting" "6.0.0-canary.35a32aaea.0"
    "@material/floating-label" "6.0.0-canary.35a32aaea.0"
    "@material/rtl" "6.0.0-canary.35a32aaea.0"
    "@material/shape" "6.0.0-canary.35a32aaea.0"
    "@material/theme" "6.0.0-canary.35a32aaea.0"
    tslib "^1.9.3"

"@material/progress-indicator@6.0.0-canary.35a32aaea.0":
  version "6.0.0-canary.35a32aaea.0"
  resolved "https://registry.yarnpkg.com/@material/progress-indicator/-/progress-indicator-6.0.0-canary.35a32aaea.0.tgz#28a9cc92474ab745a078b60e8e9391e9fa184e9f"
  integrity sha512-v8AQ5H0jILxJjo2X4RJlXhP0Iq0eLGL8KS0U4jGxVN0YWIlzt6v8j6BuZM0QlxJcTpDcNJzWvMYDmQ9YY4TGNw==
  dependencies:
    tslib "^1.9.3"

"@material/ripple@6.0.0-canary.35a32aaea.0", "@material/ripple@=6.0.0-canary.35a32aaea.0":
  version "6.0.0-canary.35a32aaea.0"
  resolved "https://registry.yarnpkg.com/@material/ripple/-/ripple-6.0.0-canary.35a32aaea.0.tgz#1edb4501d49c21d0610907cc89278019615723e8"
  integrity sha512-0ZogedoMGKgBZQ8pbHNb6gudWu6KjIRRP8kEJYT8h4EIUUVC6NypHwJVBz7l+UzHPaXVUWdSQnQclHmtP7LuYg==
  dependencies:
    "@material/animation" "6.0.0-canary.35a32aaea.0"
    "@material/base" "6.0.0-canary.35a32aaea.0"
    "@material/dom" "6.0.0-canary.35a32aaea.0"
    "@material/feature-targeting" "6.0.0-canary.35a32aaea.0"
    "@material/theme" "6.0.0-canary.35a32aaea.0"
    tslib "^1.9.3"

"@material/rtl@6.0.0-canary.35a32aaea.0":
  version "6.0.0-canary.35a32aaea.0"
  resolved "https://registry.yarnpkg.com/@material/rtl/-/rtl-6.0.0-canary.35a32aaea.0.tgz#b89ec89f8dd96353a53c6cac0a6c3e7be6c710a7"
  integrity sha512-G/xg1hIxLXb6+EA4Pb9TCkYsmxJRzrRhD7PoGb1SH/stLfyx6V8zyvWi9Te8VKCesZ9HZisB7VmN9+aI0NZnkQ==

"@material/shape@6.0.0-canary.35a32aaea.0", "@material/shape@=6.0.0-canary.35a32aaea.0":
  version "6.0.0-canary.35a32aaea.0"
  resolved "https://registry.yarnpkg.com/@material/shape/-/shape-6.0.0-canary.35a32aaea.0.tgz#3b401c74d310ed11b08f1e568641866d53d519df"
  integrity sha512-4QN2Ura9Z3sdYwbnqGDaz+Cqq97skkdf+K10Ps6HH4j1sAmiwALDWO15llIHlLNSNKHcrrQwJeIei+q6rPdzXw==
  dependencies:
    "@material/feature-targeting" "6.0.0-canary.35a32aaea.0"
    "@material/rtl" "6.0.0-canary.35a32aaea.0"

"@material/snackbar@=6.0.0-canary.35a32aaea.0":
  version "6.0.0-canary.35a32aaea.0"
  resolved "https://registry.yarnpkg.com/@material/snackbar/-/snackbar-6.0.0-canary.35a32aaea.0.tgz#a58494159df29b9f480da6aa792fe0246e980800"
  integrity sha512-V7+2S2fNg49u7+Kus69KncGpKk1vYXOFs45gl0zcECBQ9shuWbjuJH8o9OtthlYZAQq3BfaV34zkR/dVZljl8A==
  dependencies:
    "@material/animation" "6.0.0-canary.35a32aaea.0"
    "@material/base" "6.0.0-canary.35a32aaea.0"
    "@material/button" "6.0.0-canary.35a32aaea.0"
    "@material/dom" "6.0.0-canary.35a32aaea.0"
    "@material/elevation" "6.0.0-canary.35a32aaea.0"
    "@material/feature-targeting" "6.0.0-canary.35a32aaea.0"
    "@material/icon-button" "6.0.0-canary.35a32aaea.0"
    "@material/ripple" "6.0.0-canary.35a32aaea.0"
    "@material/rtl" "6.0.0-canary.35a32aaea.0"
    "@material/shape" "6.0.0-canary.35a32aaea.0"
    "@material/theme" "6.0.0-canary.35a32aaea.0"
    "@material/typography" "6.0.0-canary.35a32aaea.0"
    tslib "^1.9.3"

"@material/textfield@=6.0.0-canary.35a32aaea.0":
  version "6.0.0-canary.35a32aaea.0"
  resolved "https://registry.yarnpkg.com/@material/textfield/-/textfield-6.0.0-canary.35a32aaea.0.tgz#e28a9187f57fff76dad6633c1687bd617e537e61"
  integrity sha512-iu9pf3q6MMeAdg8rWAdWeOPcFc7c87fOs4RhMGs8XhA2Oqfm3WYW7fAc2nLnAn5UkDsK+doW3WJqywxtwgMExw==
  dependencies:
    "@material/animation" "6.0.0-canary.35a32aaea.0"
    "@material/base" "6.0.0-canary.35a32aaea.0"
    "@material/density" "6.0.0-canary.35a32aaea.0"
    "@material/dom" "6.0.0-canary.35a32aaea.0"
    "@material/feature-targeting" "6.0.0-canary.35a32aaea.0"
    "@material/floating-label" "6.0.0-canary.35a32aaea.0"
    "@material/line-ripple" "6.0.0-canary.35a32aaea.0"
    "@material/notched-outline" "6.0.0-canary.35a32aaea.0"
    "@material/ripple" "6.0.0-canary.35a32aaea.0"
    "@material/rtl" "6.0.0-canary.35a32aaea.0"
    "@material/shape" "6.0.0-canary.35a32aaea.0"
    "@material/theme" "6.0.0-canary.35a32aaea.0"
    "@material/typography" "6.0.0-canary.35a32aaea.0"
    tslib "^1.9.3"

"@material/theme@6.0.0-canary.35a32aaea.0", "@material/theme@=6.0.0-canary.35a32aaea.0":
  version "6.0.0-canary.35a32aaea.0"
  resolved "https://registry.yarnpkg.com/@material/theme/-/theme-6.0.0-canary.35a32aaea.0.tgz#242cc02cccd0b227eea1c73761053ed40e5e173e"
  integrity sha512-DXz4aBBWiI4F9R/LA2/SlP/faX7gQboPE4zMqHUFRX8pRotMRUwPUFMPDsNI4wUcHRTvL5TtN1CRT/BvEXFoTQ==
  dependencies:
    "@material/feature-targeting" "6.0.0-canary.35a32aaea.0"

"@material/touch-target@6.0.0-canary.35a32aaea.0", "@material/touch-target@=6.0.0-canary.35a32aaea.0":
  version "6.0.0-canary.35a32aaea.0"
  resolved "https://registry.yarnpkg.com/@material/touch-target/-/touch-target-6.0.0-canary.35a32aaea.0.tgz#f4063c2dbae40647762114555b752b373ba41cf8"
  integrity sha512-yIpuA4koRLwhohKjXmvImLquV+uPK2+1/VnBObZFOw+Bbusm5VUBDS/9TTwZSKA5ze9hHnJpY0SICypz6poENQ==
  dependencies:
    "@material/base" "6.0.0-canary.35a32aaea.0"
    "@material/feature-targeting" "6.0.0-canary.35a32aaea.0"

"@material/typography@6.0.0-canary.35a32aaea.0":
  version "6.0.0-canary.35a32aaea.0"
  resolved "https://registry.yarnpkg.com/@material/typography/-/typography-6.0.0-canary.35a32aaea.0.tgz#c401724630c51b1c233bd420300f1d459ae073f1"
  integrity sha512-cK/gPHvEOLMwUd8Y5Q8RW6ubObPhmEaTQ6bnE42dWLJu/CR42yMJyjNVYYVwWrclH56+wB613bGwvSnFueMD3w==
  dependencies:
    "@material/feature-targeting" "6.0.0-canary.35a32aaea.0"
    "@material/theme" "6.0.0-canary.35a32aaea.0"

"@rollup/plugin-node-resolve@^7.1.1":
  version "7.1.1"
  resolved "https://registry.yarnpkg.com/@rollup/plugin-node-resolve/-/plugin-node-resolve-7.1.1.tgz#8c6e59c4b28baf9d223028d0e450e06a485bb2b7"
  integrity sha512-14ddhD7TnemeHE97a4rLOhobfYvUVcaYuqTnL8Ti7Jxi9V9Jr5LY7Gko4HZ5k4h4vqQM0gBQt6tsp9xXW94WPA==
  dependencies:
    "@rollup/pluginutils" "^3.0.6"
    "@types/resolve" "0.0.8"
    builtin-modules "^3.1.0"
    is-module "^1.0.0"
    resolve "^1.14.2"

"@rollup/plugin-typescript@^4.0.0":
  version "4.0.0"
  resolved "https://registry.yarnpkg.com/@rollup/plugin-typescript/-/plugin-typescript-4.0.0.tgz#7a4f7b2844d28669e58c03c880f6ed0d6e926685"
  integrity sha512-qA3r4WlR8JnTm+VdBzvQSIkfXt802keGxXuE4SAjUjRMKK3nMXTUCvOGSzFkav2qf0QiGv6yijfbjuf+bhwmZQ==
  dependencies:
    "@rollup/pluginutils" "^3.0.1"
    resolve "^1.14.1"

"@rollup/pluginutils@^3.0.1", "@rollup/pluginutils@^3.0.6":
  version "3.0.8"
  resolved "https://registry.yarnpkg.com/@rollup/pluginutils/-/pluginutils-3.0.8.tgz#4e94d128d94b90699e517ef045422960d18c8fde"
  integrity sha512-rYGeAc4sxcZ+kPG/Tw4/fwJODC3IXHYDH4qusdN/b6aLw5LPUbzpecYbEJh4sVQGPFJxd2dBU4kc1H3oy9/bnw==
  dependencies:
    estree-walker "^1.0.1"

"@types/node@*":
  version "13.11.1"
  resolved "https://registry.yarnpkg.com/@types/node/-/node-13.11.1.tgz#49a2a83df9d26daacead30d0ccc8762b128d53c7"
  integrity sha512-eWQGP3qtxwL8FGneRrC5DwrJLGN4/dH1clNTuLfN81HCrxVtxRjygDTUoZJ5ASlDEeo0ppYFQjQIlXhtXpOn6g==

"@types/resolve@0.0.8":
  version "0.0.8"
  resolved "https://registry.yarnpkg.com/@types/resolve/-/resolve-0.0.8.tgz#f26074d238e02659e323ce1a13d041eee280e194"
  integrity sha512-auApPaJf3NPfe18hSoJkp8EbZzer2ISk7o8mCC3M9he/a04+gbMF97NkpD2S8riMGvm4BMRI59/SZQSaLTKpsQ==
  dependencies:
    "@types/node" "*"

ansi-styles@^3.2.1:
  version "3.2.1"
  resolved "https://registry.yarnpkg.com/ansi-styles/-/ansi-styles-3.2.1.tgz#41fbb20243e50b12be0f04b8dedbf07520ce841d"
  integrity sha512-VT0ZI6kZRdTh8YyJw3SMbYm/u+NqfsAxEpWO0Pf9sq8/e94WxxOpPKx9FR1FlyCtOVDNOQ+8ntlqFxiRc+r5qA==
  dependencies:
    color-convert "^1.9.0"

async@^1.5.2:
  version "1.5.2"
  resolved "https://registry.yarnpkg.com/async/-/async-1.5.2.tgz#ec6a61ae56480c0c3cb241c95618e20892f9672a"
  integrity sha1-7GphrlZIDAw8skHJVhjiCJL5Zyo=

balanced-match@^1.0.0:
  version "1.0.0"
  resolved "https://registry.yarnpkg.com/balanced-match/-/balanced-match-1.0.0.tgz#89b4d199ab2bee49de164ea02b89ce462d71b767"
  integrity sha1-ibTRmasr7kneFk6gK4nORi1xt2c=

blocking-elements@^0.1.0:
  version "0.1.1"
  resolved "https://registry.yarnpkg.com/blocking-elements/-/blocking-elements-0.1.1.tgz#6acddbe2714a029a1774e9219bcf38736e07ded3"
  integrity sha512-/SLWbEzMoVIMZACCyhD/4Ya2M1PWP1qMKuiymowPcI+PdWDARqeARBjhj73kbUBCxEmTZCUu5TAqxtwUO9C1Ig==

brace-expansion@^1.1.7:
  version "1.1.11"
  resolved "https://registry.yarnpkg.com/brace-expansion/-/brace-expansion-1.1.11.tgz#3c7fcbf529d87226f3d2f52b966ff5271eb441dd"
  integrity sha512-iCuPHDFgrHX7H2vEI/5xpz07zSHB00TpugqhmYtVmMO6518mCuRMoOYFldEBl0g187ufozdaHgWKcYFb61qGiA==
  dependencies:
    balanced-match "^1.0.0"
    concat-map "0.0.1"

buffer-from@^1.0.0:
  version "1.1.2"
  resolved "https://registry.yarnpkg.com/buffer-from/-/buffer-from-1.1.2.tgz#2b146a6fd72e80b4f55d255f35ed59a3a9a41bd5"
  integrity sha512-E+XQCRwSbaaiChtv6k6Dwgc+bx+Bs6vuKJHHl5kox/BaKbhiXzqQOwK4cO22yElGp2OCmjwVhT3HmxgyPGnJfQ==

builtin-modules@^3.1.0:
  version "3.1.0"
  resolved "https://registry.yarnpkg.com/builtin-modules/-/builtin-modules-3.1.0.tgz#aad97c15131eb76b65b50ef208e7584cd76a7484"
  integrity sha512-k0KL0aWZuBt2lrxrcASWDfwOLMnodeQjodT/1SxEQAXsHANgo6ZC/VEaSEHCXt7aSTZ4/4H5LKa+tBXmW7Vtvw==

chalk@^2.0.0:
  version "2.4.2"
  resolved "https://registry.yarnpkg.com/chalk/-/chalk-2.4.2.tgz#cd42541677a54333cf541a49108c1432b44c9424"
  integrity sha512-Mti+f9lpJNcwF4tWV8/OrTTtF1gZi+f8FqlyAdouralcFWFQWF2+NgCHShjkCb+IFBLq9buZwE1xckQU4peSuQ==
  dependencies:
    ansi-styles "^3.2.1"
    escape-string-regexp "^1.0.5"
    supports-color "^5.3.0"

clang-format@^1.4.0:
  version "1.4.0"
  resolved "https://registry.yarnpkg.com/clang-format/-/clang-format-1.4.0.tgz#1ee2f10637eb5bb0bd7d0b82c949af68e848367e"
  integrity sha512-NrdyUnHJOGvMa60vbWk7GJTvOdhibj3uK5C0FlwdNG4301OUvqEJTFce9I9x8qw2odBbIVrJ+9xbsFS3a4FbDA==
  dependencies:
    async "^1.5.2"
    glob "^7.0.0"
    resolve "^1.1.6"

color-convert@^1.9.0:
  version "1.9.3"
  resolved "https://registry.yarnpkg.com/color-convert/-/color-convert-1.9.3.tgz#bb71850690e1f136567de629d2d5471deda4c1e8"
  integrity sha512-QfAUtd+vFdAtFQcC8CCyYt1fYWxSqAiK2cSD6zDB8N3cpsEBAvRxp9zOGg6G/SHHJYAT88/az/IuDGALsNVbGg==
  dependencies:
    color-name "1.1.3"

color-name@1.1.3:
  version "1.1.3"
  resolved "https://registry.yarnpkg.com/color-name/-/color-name-1.1.3.tgz#a7d0558bd89c42f795dd42328f740831ca53bc25"
  integrity sha1-p9BVi9icQveV3UIyj3QIMcpTvCU=

commander@^2.20.0:
  version "2.20.3"
  resolved "https://registry.yarnpkg.com/commander/-/commander-2.20.3.tgz#fd485e84c03eb4881c20722ba48035e8531aeb33"
  integrity sha512-GpVkmM8vF2vQUkj2LvZmD35JxeJOLCwJ9cUkugyk2nuhbv3+mJvpLYYt+0+USMxE+oj+ey/lJEnhZw75x/OMcQ==

concat-map@0.0.1:
  version "0.0.1"
  resolved "https://registry.yarnpkg.com/concat-map/-/concat-map-0.0.1.tgz#d8a96bd77fd68df7793a73036a3ba0d5405d477b"
  integrity sha1-2Klr13/Wjfd5OnMDajug1UBdR3s=

escape-string-regexp@^1.0.5:
  version "1.0.5"
  resolved "https://registry.yarnpkg.com/escape-string-regexp/-/escape-string-regexp-1.0.5.tgz#1b61c0562190a8dff6ae3bb2cf0200ca130b86d4"
  integrity sha1-G2HAViGQqN/2rjuyzwIAyhMLhtQ=

estree-walker@^0.6.1:
  version "0.6.1"
  resolved "https://registry.yarnpkg.com/estree-walker/-/estree-walker-0.6.1.tgz#53049143f40c6eb918b23671d1fe3219f3a1b362"
  integrity sha512-SqmZANLWS0mnatqbSfRP5g8OXZC12Fgg1IwNtLsyHDzJizORW4khDfjPqJZsemPWBB2uqykUah5YpQ6epsqC/w==

estree-walker@^1.0.1:
  version "1.0.1"
  resolved "https://registry.yarnpkg.com/estree-walker/-/estree-walker-1.0.1.tgz#31bc5d612c96b704106b477e6dd5d8aa138cb700"
  integrity sha512-1fMXF3YP4pZZVozF8j/ZLfvnR8NSIljt56UhbZ5PeeDmmGHpgpdwQt7ITlGvYaQukCvuBRMLEiKiYC+oeIg4cg==

fs.realpath@^1.0.0:
  version "1.0.0"
  resolved "https://registry.yarnpkg.com/fs.realpath/-/fs.realpath-1.0.0.tgz#1504ad2523158caa40db4a2787cb01411994ea4f"
  integrity sha1-FQStJSMVjKpA20onh8sBQRmU6k8=

fsevents@~2.1.2:
  version "2.1.2"
  resolved "https://registry.yarnpkg.com/fsevents/-/fsevents-2.1.2.tgz#4c0a1fb34bc68e543b4b82a9ec392bfbda840805"
  integrity sha512-R4wDiBwZ0KzpgOWetKDug1FZcYhqYnUYKtfZYt4mD5SBz76q0KR4Q9o7GIPamsVPGmW3EYPPJ0dOOjvx32ldZA==

glob@^7.0.0:
  version "7.1.6"
  resolved "https://registry.yarnpkg.com/glob/-/glob-7.1.6.tgz#141f33b81a7c2492e125594307480c46679278a6"
  integrity sha512-LwaxwyZ72Lk7vZINtNNrywX0ZuLyStrdDtabefZKAY5ZGJhVtgdznluResxNmPitE0SAO+O26sWTHeKSI2wMBA==
  dependencies:
    fs.realpath "^1.0.0"
    inflight "^1.0.4"
    inherits "2"
    minimatch "^3.0.4"
    once "^1.3.0"
    path-is-absolute "^1.0.0"

has-flag@^3.0.0:
  version "3.0.0"
  resolved "https://registry.yarnpkg.com/has-flag/-/has-flag-3.0.0.tgz#b5d454dc2199ae225699f3467e5a07f3b955bafd"
  integrity sha1-tdRU3CGZriJWmfNGfloH87lVuv0=

inflight@^1.0.4:
  version "1.0.6"
  resolved "https://registry.yarnpkg.com/inflight/-/inflight-1.0.6.tgz#49bd6331d7d02d0c09bc910a1075ba8165b56df9"
  integrity sha1-Sb1jMdfQLQwJvJEKEHW6gWW1bfk=
  dependencies:
    once "^1.3.0"
    wrappy "1"

inherits@2:
  version "2.0.4"
  resolved "https://registry.yarnpkg.com/inherits/-/inherits-2.0.4.tgz#0fa2c64f932917c3433a0ded55363aae37416b7c"
  integrity sha512-k/vGaX4/Yla3WzyMCvTQOXYeIHvqOKtnqBduzTHpzpQZzAskKMhZ2K+EnBiSM9zGSoIFeMpXKxa4dYeZIQqewQ==

is-module@^1.0.0:
  version "1.0.0"
  resolved "https://registry.yarnpkg.com/is-module/-/is-module-1.0.0.tgz#3258fb69f78c14d5b815d664336b4cffb6441591"
  integrity sha1-Mlj7afeMFNW4FdZkM2tM/7ZEFZE=

jest-worker@^24.9.0:
  version "24.9.0"
  resolved "https://registry.yarnpkg.com/jest-worker/-/jest-worker-24.9.0.tgz#5dbfdb5b2d322e98567898238a9697bcce67b3e5"
  integrity sha512-51PE4haMSXcHohnSMdM42anbvZANYTqMrr52tVKPqqsPJMzoP6FYYDVqahX/HrAoKEKz3uUPzSvKs9A3qR4iVw==
  dependencies:
    merge-stream "^2.0.0"
    supports-color "^6.1.0"

js-tokens@^4.0.0:
  version "4.0.0"
  resolved "https://registry.yarnpkg.com/js-tokens/-/js-tokens-4.0.0.tgz#19203fb59991df98e3a287050d4647cdeaf32499"
  integrity sha512-RdJUflcE3cUzKiMqQgsCu06FPu9UdIJO0beYbPhHN4k6apgJtifcoCtT9bcxOpYBtpD2kCM6Sbzg4CausW/PKQ==

lit-element@^2.3.0, lit-element@^2.3.1:
  version "2.3.1"
  resolved "https://registry.yarnpkg.com/lit-element/-/lit-element-2.3.1.tgz#73343b978fa1e73d60526c6bb6ad60f53a16c343"
  integrity sha512-tOcUAmeO3BzwiQ7FGWdsshNvC0HVHcTFYw/TLIImmKwXYoV0E7zCBASa8IJ7DiP4cen/Yoj454gS0qqTnIGsFA==
  dependencies:
    lit-html "^1.1.1"

lit-html@^1.1.1, lit-html@^1.1.2, lit-html@^1.2.1:
  version "1.2.1"
  resolved "https://registry.yarnpkg.com/lit-html/-/lit-html-1.2.1.tgz#1fb933dc1e2ddc095f60b8086277d4fcd9d62cc8"
  integrity sha512-GSJHHXMGLZDzTRq59IUfL9FCdAlGfqNp/dEa7k7aBaaWD+JKaCjsAk9KYm2V12ItonVaYx2dprN66Zdm1AuBTQ==

merge-stream@^2.0.0:
  version "2.0.0"
  resolved "https://registry.yarnpkg.com/merge-stream/-/merge-stream-2.0.0.tgz#52823629a14dd00c9770fb6ad47dc6310f2c1f60"
  integrity sha512-abv/qOcuPfk3URPfDzmZU1LKmuw8kT+0nIHvKrKgFrwifol/doWcdA4ZqsWQ8ENrFKkd67Mfpo/LovbIUsbt3w==

minimatch@^3.0.4:
  version "3.0.4"
  resolved "https://registry.yarnpkg.com/minimatch/-/minimatch-3.0.4.tgz#5166e286457f03306064be5497e8dbb0c3d32083"
  integrity sha512-yJHVQEhyqPLUTgt9B83PXu6W3rx4MvvHvSUvToogpwoGDOUQ+yDrR0HRot+yOCdCO7u4hX3pWft6kWBBcqh0UA==
  dependencies:
    brace-expansion "^1.1.7"

once@^1.3.0:
  version "1.4.0"
  resolved "https://registry.yarnpkg.com/once/-/once-1.4.0.tgz#583b1aa775961d4b113ac17d9c50baef9dd76bd1"
  integrity sha1-WDsap3WWHUsROsF9nFC6753Xa9E=
  dependencies:
    wrappy "1"

path-is-absolute@^1.0.0:
  version "1.0.1"
  resolved "https://registry.yarnpkg.com/path-is-absolute/-/path-is-absolute-1.0.1.tgz#174b9268735534ffbc7ace6bf53a5a9e1b5c5f5f"
  integrity sha1-F0uSaHNVNP+8es5r9TpanhtcX18=

path-parse@^1.0.6:
  version "1.0.6"
  resolved "https://registry.yarnpkg.com/path-parse/-/path-parse-1.0.6.tgz#d62dbb5679405d72c4737ec58600e9ddcf06d24c"
  integrity sha512-GSmOT2EbHrINBf9SR7CDELwlJ8AENk3Qn7OikK4nFYAu3Ote2+JYNVvkpAEQm3/TLNEJFD/xZJjzyxg3KBWOzw==

resolve@^1.1.6, resolve@^1.14.1, resolve@^1.14.2:
  version "1.15.1"
  resolved "https://registry.yarnpkg.com/resolve/-/resolve-1.15.1.tgz#27bdcdeffeaf2d6244b95bb0f9f4b4653451f3e8"
  integrity sha512-84oo6ZTtoTUpjgNEr5SJyzQhzL72gaRodsSfyxC/AXRvwu0Yse9H8eF9IpGo7b8YetZhlI6v7ZQ6bKBFV/6S7w==
  dependencies:
    path-parse "^1.0.6"

rollup-plugin-terser@^5.3.0:
  version "5.3.0"
  resolved "https://registry.yarnpkg.com/rollup-plugin-terser/-/rollup-plugin-terser-5.3.0.tgz#9c0dd33d5771df9630cd027d6a2559187f65885e"
  integrity sha512-XGMJihTIO3eIBsVGq7jiNYOdDMb3pVxuzY0uhOE/FM4x/u9nQgr3+McsjzqBn3QfHIpNSZmFnpoKAwHBEcsT7g==
  dependencies:
    "@babel/code-frame" "^7.5.5"
    jest-worker "^24.9.0"
    rollup-pluginutils "^2.8.2"
    serialize-javascript "^2.1.2"
    terser "^4.6.2"

rollup-pluginutils@^2.8.2:
  version "2.8.2"
  resolved "https://registry.yarnpkg.com/rollup-pluginutils/-/rollup-pluginutils-2.8.2.tgz#72f2af0748b592364dbd3389e600e5a9444a351e"
  integrity sha512-EEp9NhnUkwY8aif6bxgovPHMoMoNr2FulJziTndpt5H9RdwC47GSGuII9XxpSdzVGM0GWrNPHV6ie1LTNJPaLQ==
  dependencies:
    estree-walker "^0.6.1"

rollup@^2.6.0:
  version "2.6.0"
  resolved "https://registry.yarnpkg.com/rollup/-/rollup-2.6.0.tgz#e69d50dc2217af23ab5f6df9a48e45df4ab56df1"
  integrity sha512-qbvQ9ZbvbhBdtRBZ/A4g+9z3iJQ1rHAtjinn3FiN+j5tfz8xiNyTE1JEEMcFWqlH7+NHadI9ieeqKdp8HwYLnQ==
  optionalDependencies:
    fsevents "~2.1.2"

serialize-javascript@^2.1.2:
  version "2.1.2"
  resolved "https://registry.yarnpkg.com/serialize-javascript/-/serialize-javascript-2.1.2.tgz#ecec53b0e0317bdc95ef76ab7074b7384785fa61"
  integrity sha512-rs9OggEUF0V4jUSecXazOYsLfu7OGK2qIn3c7IPBiffz32XniEp/TX9Xmc9LQfK2nQ2QKHvZ2oygKUGU0lG4jQ==

source-map-support@~0.5.12:
  version "0.5.21"
  resolved "https://registry.yarnpkg.com/source-map-support/-/source-map-support-0.5.21.tgz#04fe7c7f9e1ed2d662233c28cb2b35b9f63f6e4f"
  integrity sha512-uBHU3L3czsIyYXKX88fdrGovxdSCoTGDRZ6SYXtSRxLZUzHg5P/66Ht6uoUlHu9EZod+inXhKo3qQgwXUT/y1w==
  dependencies:
    buffer-from "^1.0.0"
    source-map "^0.6.0"

source-map@^0.6.0, source-map@~0.6.1:
  version "0.6.1"
  resolved "https://registry.yarnpkg.com/source-map/-/source-map-0.6.1.tgz#74722af32e9614e9c287a8d0bbde48b5e2f1a263"
  integrity sha512-UjgapumWlbMhkBgzT7Ykc5YXUT46F0iKu8SGXq0bcwP5dz/h0Plj6enJqjz1Zbq2l5WaqYnrVbwWOWMyF3F47g==

supports-color@^5.3.0:
  version "5.5.0"
  resolved "https://registry.yarnpkg.com/supports-color/-/supports-color-5.5.0.tgz#e2e69a44ac8772f78a1ec0b35b689df6530efc8f"
  integrity sha512-QjVjwdXIt408MIiAqCX4oUKsgU2EqAGzs2Ppkm4aQYbjm+ZEWEcW4SfFNTr4uMNZma0ey4f5lgLrkB0aX0QMow==
  dependencies:
    has-flag "^3.0.0"

supports-color@^6.1.0:
  version "6.1.0"
  resolved "https://registry.yarnpkg.com/supports-color/-/supports-color-6.1.0.tgz#0764abc69c63d5ac842dd4867e8d025e880df8f3"
  integrity sha512-qe1jfm1Mg7Nq/NSh6XE24gPXROEVsWHxC1LIx//XNlD9iw7YZQGjZNjYN7xGaEG6iKdA8EtNFW6R0gjnVXp+wQ==
  dependencies:
    has-flag "^3.0.0"

terser@^4.6.2:
  version "4.8.1"
  resolved "https://registry.yarnpkg.com/terser/-/terser-4.8.1.tgz#a00e5634562de2239fd404c649051bf6fc21144f"
  integrity sha512-4GnLC0x667eJG0ewJTa6z/yXrbLGv80D9Ru6HIpCQmO+Q4PfEtBFi0ObSckqwL6VyQv/7ENJieXHo2ANmdQwgw==
  dependencies:
    commander "^2.20.0"
    source-map "~0.6.1"
    source-map-support "~0.5.12"

tslib@^1.10.0, tslib@^1.9.3:
  version "1.11.1"
  resolved "https://registry.yarnpkg.com/tslib/-/tslib-1.11.1.tgz#eb15d128827fbee2841549e171f45ed338ac7e35"
  integrity sha512-aZW88SY8kQbU7gpV19lN24LtXh/yD4ZZg6qieAJDDg+YBsJcSmLGK9QpnUjAKVG/xefmvJGd1WUmfpT/g6AJGA==

typescript@^3.8.3:
  version "3.8.3"
  resolved "https://registry.yarnpkg.com/typescript/-/typescript-3.8.3.tgz#409eb8544ea0335711205869ec458ab109ee1061"
  integrity sha512-MYlEfn5VrLNsgudQTVJeNaQFUAI7DkhnOjdpAp4T+ku1TfQClewlbSuTVHiA+8skNBgaf02TL/kLOvig4y3G8w==

wicg-inert@^3.0.0:
  version "3.0.2"
  resolved "https://registry.yarnpkg.com/wicg-inert/-/wicg-inert-3.0.2.tgz#46d8b01142c1bda8f6fa5d78e2754ba56f6f70be"
  integrity sha512-L2eSi1fx1M+WLLUccwzAulgK5hZtllRDvYk3UB/fe1ZqdkZS6dz718o6xfe3JUtBEJJnqvI6NF8m1bAHlg3JUg==

wrappy@1:
  version "1.0.2"
  resolved "https://registry.yarnpkg.com/wrappy/-/wrappy-1.0.2.tgz#b5243d8f3ec1aa35f1364605bc0d1036e30ab69f"
  integrity sha1-tSQ9jz7BqjXxNkYFvA0QNuMKtp8=
